
Microsoft Visual Studio Solution File, Format Version 12.00
# Visual Studio 15
VisualStudioVersion = 15.0.28307.106
MinimumVisualStudioVersion = 10.0.40219.1
Project("{FAE04EC0-301F-11D3-BF4B-00C04F79EFBC}") = "WindowsFormsApp1", "WindowsFormsApp1\WindowsFormsApp1.csproj", "{20AE7E18-2EAD-4D3A-AED3-0F4DD614EAFE}"
EndProject
Global
	GlobalSection(SolutionConfigurationPlatforms) = preSolution
		Debug|Any CPU = Debug|Any CPU
		Release|Any CPU = Release|Any CPU
	EndGlobalSection
	GlobalSection(ProjectConfigurationPlatforms) = postSolution
		{20AE7E18-2EAD-4D3A-AED3-0F4DD614EAFE}.Debug|Any CPU.ActiveCfg = Debug|Any CPU
		{20AE7E18-2EAD-4D3A-AED3-0F4DD614EAFE}.Debug|Any CPU.Build.0 = Debug|Any CPU
		{20AE7E18-2EAD-4D3A-AED3-0F4DD614EAFE}.Release|Any CPU.ActiveCfg = Release|Any CPU
		{20AE7E18-2EAD-4D3A-AED3-0F4DD614EAFE}.Release|Any CPU.Build.0 = Release|Any CPU
	EndGlobalSection
	GlobalSection(SolutionProperties) = preSolution
		HideSolutionNode = FALSE
	EndGlobalSection
	GlobalSection(ExtensibilityGlobals) = postSolution
		SolutionGuid = {14FBB8B8-D37A-4D9A-86DF-DCB9D64F8408}
	EndGlobalSection
EndGlobal
